
Microsoft Visual Studio Solution File, Format Version 12.00
# Visual Studio 2012
Project("{8BC9CEB8-8B4A-11D0-8D11-00A0C91BC942}") = "GameEditor", "GameEditor\GameEditor.vcxproj", "{002B4A1D-F1A8-44A9-9B75-D88244F54F08}"
EndProject
Global
	GlobalSection(SolutionConfigurationPlatforms) = preSolution
		Debug|Win32 = Debug|Win32
		Release|Win32 = Release|Win32
	EndGlobalSection
	GlobalSection(ProjectConfigurationPlatforms) = postSolution
		{002B4A1D-F1A8-44A9-9B75-D88244F54F08}.Debug|Win32.ActiveCfg = Debug|Win32
		{002B4A1D-F1A8-44A9-9B75-D88244F54F08}.Debug|Win32.Build.0 = Debug|Win32
		{002B4A1D-F1A8-44A9-9B75-D88244F54F08}.Release|Win32.ActiveCfg = Release|Win32
		{002B4A1D-F1A8-44A9-9B75-D88244F54F08}.Release|Win32.Build.0 = Release|Win32
	EndGlobalSection
	GlobalSection(SolutionProperties) = preSolution
		HideSolutionNode = FALSE
	EndGlobalSection
EndGlobal
